
Microsoft Visual Studio Solution File, Format Version 12.00
# Visual Studio Version 17
VisualStudioVersion = 17.2.32630.192
MinimumVisualStudioVersion = 10.0.40219.1
Project("{FAE04EC0-301F-11D3-BF4B-00C04F79EFBC}") = "login", "login\login.csproj", "{5F3DD576-63B9-47CB-A83B-A645DE9ABED8}"
EndProject
Project("{2150E333-8FDC-42A3-9474-1A3956D46DE8}") = "NewFolder1", "NewFolder1", "{F38EEC2F-B3F0-42F4-BD0A-415D255CF417}"
EndProject
Global
	GlobalSection(SolutionConfigurationPlatforms) = preSolution
		Debug|Any CPU = Debug|Any CPU
		Release|Any CPU = Release|Any CPU
	EndGlobalSection
	GlobalSection(ProjectConfigurationPlatforms) = postSolution
		{5F3DD576-63B9-47CB-A83B-A645DE9ABED8}.Debug|Any CPU.ActiveCfg = Debug|Any CPU
		{5F3DD576-63B9-47CB-A83B-A645DE9ABED8}.Debug|Any CPU.Build.0 = Debug|Any CPU
		{5F3DD576-63B9-47CB-A83B-A645DE9ABED8}.Release|Any CPU.ActiveCfg = Release|Any CPU
		{5F3DD576-63B9-47CB-A83B-A645DE9ABED8}.Release|Any CPU.Build.0 = Release|Any CPU
	EndGlobalSection
	GlobalSection(SolutionProperties) = preSolution
		HideSolutionNode = FALSE
	EndGlobalSection
	GlobalSection(ExtensibilityGlobals) = postSolution
		SolutionGuid = {8B493849-CD29-49E7-B480-643D37392CCB}
	EndGlobalSection
EndGlobal
